
Microsoft Visual Studio Solution File, Format Version 12.00
# Visual Studio Version 17
VisualStudioVersion = 17.0.32014.148
MinimumVisualStudioVersion = 10.0.40219.1
Project("{8BC9CEB8-8B4A-11D0-8D11-00A0C91BC942}") = "1003", "1003\1003.vcxproj", "{43FA636F-3173-43D5-A558-E3441FBF8963}"
EndProject
Project("{8BC9CEB8-8B4A-11D0-8D11-00A0C91BC942}") = "1004", "1004\1004.vcxproj", "{B276D39A-190F-42D8-B7C5-22A8DA146B37}"
EndProject
Project("{8BC9CEB8-8B4A-11D0-8D11-00A0C91BC942}") = "9461", "9461\9461.vcxproj", "{689AB11B-0363-46E8-B261-9FB826C93E82}"
EndProject
Project("{8BC9CEB8-8B4A-11D0-8D11-00A0C91BC942}") = "11052", "11052\11052.vcxproj", "{D488A9D0-C58C-41C5-A85E-8E2169380513}"
EndProject
Project("{8BC9CEB8-8B4A-11D0-8D11-00A0C91BC942}") = "11052_1", "11052_1\11052_1.vcxproj", "{6B0D7973-4A76-45A2-BAB3-8EFBE14A362A}"
EndProject
Global
	GlobalSection(SolutionConfigurationPlatforms) = preSolution
		Debug|x64 = Debug|x64
		Debug|x86 = Debug|x86
		Release|x64 = Release|x64
		Release|x86 = Release|x86
	EndGlobalSection
	GlobalSection(ProjectConfigurationPlatforms) = postSolution
		{43FA636F-3173-43D5-A558-E3441FBF8963}.Debug|x64.ActiveCfg = Debug|x64
		{43FA636F-3173-43D5-A558-E3441FBF8963}.Debug|x64.Build.0 = Debug|x64
		{43FA636F-3173-43D5-A558-E3441FBF8963}.Debug|x86.ActiveCfg = Debug|Win32
		{43FA636F-3173-43D5-A558-E3441FBF8963}.Debug|x86.Build.0 = Debug|Win32
		{43FA636F-3173-43D5-A558-E3441FBF8963}.Release|x64.ActiveCfg = Release|x64
		{43FA636F-3173-43D5-A558-E3441FBF8963}.Release|x64.Build.0 = Release|x64
		{43FA636F-3173-43D5-A558-E3441FBF8963}.Release|x86.ActiveCfg = Release|Win32
		{43FA636F-3173-43D5-A558-E3441FBF8963}.Release|x86.Build.0 = Release|Win32
		{B276D39A-190F-42D8-B7C5-22A8DA146B37}.Debug|x64.ActiveCfg = Debug|x64
		{B276D39A-190F-42D8-B7C5-22A8DA146B37}.Debug|x64.Build.0 = Debug|x64
		{B276D39A-190F-42D8-B7C5-22A8DA146B37}.Debug|x86.ActiveCfg = Debug|Win32
		{B276D39A-190F-42D8-B7C5-22A8DA146B37}.Debug|x86.Build.0 = Debug|Win32
		{B276D39A-190F-42D8-B7C5-22A8DA146B37}.Release|x64.ActiveCfg = Release|x64
		{B276D39A-190F-42D8-B7C5-22A8DA146B37}.Release|x64.Build.0 = Release|x64
		{B276D39A-190F-42D8-B7C5-22A8DA146B37}.Release|x86.ActiveCfg = Release|Win32
		{B276D39A-190F-42D8-B7C5-22A8DA146B37}.Release|x86.Build.0 = Release|Win32
		{689AB11B-0363-46E8-B261-9FB826C93E82}.Debug|x64.ActiveCfg = Debug|x64
		{689AB11B-0363-46E8-B261-9FB826C93E82}.Debug|x64.Build.0 = Debug|x64
		{689AB11B-0363-46E8-B261-9FB826C93E82}.Debug|x86.ActiveCfg = Debug|Win32
		{689AB11B-0363-46E8-B261-9FB826C93E82}.Debug|x86.Build.0 = Debug|Win32
		{689AB11B-0363-46E8-B261-9FB826C93E82}.Release|x64.ActiveCfg = Release|x64
		{689AB11B-0363-46E8-B261-9FB826C93E82}.Release|x64.Build.0 = Release|x64
		{689AB11B-0363-46E8-B261-9FB826C93E82}.Release|x86.ActiveCfg = Release|Win32
		{689AB11B-0363-46E8-B261-9FB826C93E82}.Release|x86.Build.0 = Release|Win32
		{D488A9D0-C58C-41C5-A85E-8E2169380513}.Debug|x64.ActiveCfg = Debug|x64
		{D488A9D0-C58C-41C5-A85E-8E2169380513}.Debug|x64.Build.0 = Debug|x64
		{D488A9D0-C58C-41C5-A85E-8E2169380513}.Debug|x86.ActiveCfg = Debug|Win32
		{D488A9D0-C58C-41C5-A85E-8E2169380513}.Debug|x86.Build.0 = Debug|Win32
		{D488A9D0-C58C-41C5-A85E-8E2169380513}.Release|x64.ActiveCfg = Release|x64
		{D488A9D0-C58C-41C5-A85E-8E2169380513}.Release|x64.Build.0 = Release|x64
		{D488A9D0-C58C-41C5-A85E-8E2169380513}.Release|x86.ActiveCfg = Release|Win32
		{D488A9D0-C58C-41C5-A85E-8E2169380513}.Release|x86.Build.0 = Release|Win32
		{6B0D7973-4A76-45A2-BAB3-8EFBE14A362A}.Debug|x64.ActiveCfg = Debug|x64
		{6B0D7973-4A76-45A2-BAB3-8EFBE14A362A}.Debug|x64.Build.0 = Debug|x64
		{6B0D7973-4A76-45A2-BAB3-8EFBE14A362A}.Debug|x86.ActiveCfg = Debug|Win32
		{6B0D7973-4A76-45A2-BAB3-8EFBE14A362A}.Debug|x86.Build.0 = Debug|Win32
		{6B0D7973-4A76-45A2-BAB3-8EFBE14A362A}.Release|x64.ActiveCfg = Release|x64
		{6B0D7973-4A76-45A2-BAB3-8EFBE14A362A}.Release|x64.Build.0 = Release|x64
		{6B0D7973-4A76-45A2-BAB3-8EFBE14A362A}.Release|x86.ActiveCfg = Release|Win32
		{6B0D7973-4A76-45A2-BAB3-8EFBE14A362A}.Release|x86.Build.0 = Release|Win32
	EndGlobalSection
	GlobalSection(SolutionProperties) = preSolution
		HideSolutionNode = FALSE
	EndGlobalSection
	GlobalSection(ExtensibilityGlobals) = postSolution
		SolutionGuid = {59B1BA83-DB72-4594-8C4A-BC3074B72E69}
	EndGlobalSection
EndGlobal
